
Microsoft Visual Studio Solution File, Format Version 12.00
# Visual Studio Version 17
VisualStudioVersion = 17.12.35527.113
MinimumVisualStudioVersion = 10.0.40219.1
Project("{FAE04EC0-301F-11D3-BF4B-00C04F79EFBC}") = "HomeWork5.Prototype", "HomeWork5.Prototype\HomeWork5.Prototype.csproj", "{7A31B63E-0107-45A0-954A-FD1012F1A948}"
EndProject
Project("{FAE04EC0-301F-11D3-BF4B-00C04F79EFBC}") = "HomeWork5.Prototype.Tests", "HomeWork5.Prototype.Tests\HomeWork5.Prototype.Tests.csproj", "{468FF2B7-17EC-4E6E-ACE1-F4F87E860EDA}"
EndProject
Global
	GlobalSection(SolutionConfigurationPlatforms) = preSolution
		Debug|Any CPU = Debug|Any CPU
		Release|Any CPU = Release|Any CPU
	EndGlobalSection
	GlobalSection(ProjectConfigurationPlatforms) = postSolution
		{7A31B63E-0107-45A0-954A-FD1012F1A948}.Debug|Any CPU.ActiveCfg = Debug|Any CPU
		{7A31B63E-0107-45A0-954A-FD1012F1A948}.Debug|Any CPU.Build.0 = Debug|Any CPU
		{7A31B63E-0107-45A0-954A-FD1012F1A948}.Release|Any CPU.ActiveCfg = Release|Any CPU
		{7A31B63E-0107-45A0-954A-FD1012F1A948}.Release|Any CPU.Build.0 = Release|Any CPU
		{468FF2B7-17EC-4E6E-ACE1-F4F87E860EDA}.Debug|Any CPU.ActiveCfg = Debug|Any CPU
		{468FF2B7-17EC-4E6E-ACE1-F4F87E860EDA}.Debug|Any CPU.Build.0 = Debug|Any CPU
		{468FF2B7-17EC-4E6E-ACE1-F4F87E860EDA}.Release|Any CPU.ActiveCfg = Release|Any CPU
		{468FF2B7-17EC-4E6E-ACE1-F4F87E860EDA}.Release|Any CPU.Build.0 = Release|Any CPU
	EndGlobalSection
	GlobalSection(SolutionProperties) = preSolution
		HideSolutionNode = FALSE
	EndGlobalSection
EndGlobal
